PODS:
  - RxSwift (5.0.0)
  - SwiftyJSON (5.0.0)

DEPENDENCIES:
  - RxSwift
  - SwiftyJSON

SPEC REPOS:
  trunk:
    - RxSwift
    - SwiftyJSON

SPEC CHECKSUMS:
  RxSwift: 8b0671caa829a763bbce7271095859121cbd895f
  SwiftyJSON: 36413e04c44ee145039d332b4f4e2d3e8d6c4db7

PODFILE CHECKSUM: df674df5fce2a4dd287444ca9fa83f3d6578b6a4

COCOAPODS: 1.16.2
